
Microsoft Visual Studio Solution File, Format Version 12.00
# Visual Studio Version 16
VisualStudioVersion = 16.0.31624.102
MinimumVisualStudioVersion = 10.0.40219.1
Project("{FAE04EC0-301F-11D3-BF4B-00C04F79EFBC}") = "Dowhile1.1", "Dowhile1.1\Dowhile1.1.csproj", "{5C90817F-EA29-441E-A0E4-AAF234F8B03F}"
EndProject
Global
	GlobalSection(SolutionConfigurationPlatforms) = preSolution
		Debug|Any CPU = Debug|Any CPU
		Release|Any CPU = Release|Any CPU
	EndGlobalSection
	GlobalSection(ProjectConfigurationPlatforms) = postSolution
		{5C90817F-EA29-441E-A0E4-AAF234F8B03F}.Debug|Any CPU.ActiveCfg = Debug|Any CPU
		{5C90817F-EA29-441E-A0E4-AAF234F8B03F}.Debug|Any CPU.Build.0 = Debug|Any CPU
		{5C90817F-EA29-441E-A0E4-AAF234F8B03F}.Release|Any CPU.ActiveCfg = Release|Any CPU
		{5C90817F-EA29-441E-A0E4-AAF234F8B03F}.Release|Any CPU.Build.0 = Release|Any CPU
	EndGlobalSection
	GlobalSection(SolutionProperties) = preSolution
		HideSolutionNode = FALSE
	EndGlobalSection
	GlobalSection(ExtensibilityGlobals) = postSolution
		SolutionGuid = {7DDE962A-1A0D-47B9-BDA0-96A0B57F054C}
	EndGlobalSection
EndGlobal
